
Microsoft Visual Studio Solution File, Format Version 12.00
# Visual Studio 15
VisualStudioVersion = 15.0.28307.168
MinimumVisualStudioVersion = 10.0.40219.1
Project("{2150E333-8FDC-42A3-9474-1A3956D46DE8}") = "01 - Capa FrontEnd", "01 - Capa FrontEnd", "{DE4E49CD-A2E1-4E22-95B5-DC7650F3E91F}"
EndProject
Project("{2150E333-8FDC-42A3-9474-1A3956D46DE8}") = "02 - Capa BacEnd", "02 - Capa BacEnd", "{8B81D41E-7FF1-4FE7-A2FC-2A92AB533B32}"
EndProject
Project("{FAE04EC0-301F-11D3-BF4B-00C04F79EFBC}") = "MyStoreREACT", "MyStoreREACT\MyStoreREACT.csproj", "{323DD637-6D61-4DD4-BF7B-70837D363AAA}"
EndProject
Project("{2150E333-8FDC-42A3-9474-1A3956D46DE8}") = "01 - Capa Servicios MyStoreServicios", "01 - Capa Servicios MyStoreServicios", "{7BF39046-59CB-43A3-B8B5-873CD9D33A41}"
EndProject
Project("{FAE04EC0-301F-11D3-BF4B-00C04F79EFBC}") = "MyStoreServicio(WebAPI)", "MyStoreServicio(WebAPI)\MyStoreServicio(WebAPI).csproj", "{87B6EC32-5A34-4AC9-9EEF-647133810949}"
EndProject
Project("{2150E333-8FDC-42A3-9474-1A3956D46DE8}") = "03 - Capa Entity Data", "03 - Capa Entity Data", "{7D568BAF-6A05-411B-AC0B-01714D0B36CB}"
EndProject
Project("{FAE04EC0-301F-11D3-BF4B-00C04F79EFBC}") = "MyStoreEntityModel", "MyStoreEntityModel\MyStoreEntityModel.csproj", "{B35265B3-12B0-40F9-90EF-19BB21BAC88B}"
EndProject
Project("{2150E333-8FDC-42A3-9474-1A3956D46DE8}") = "02 - Capa de Negocios (BLL)", "02 - Capa de Negocios (BLL)", "{B371FF81-F38F-46D8-9E38-CC2C74D0CA3A}"
EndProject
Project("{2150E333-8FDC-42A3-9474-1A3956D46DE8}") = "03 - Capa Logica (DAL)", "03 - Capa Logica (DAL)", "{64062721-0EBF-4C4A-9CB5-F8CE81EF7999}"
EndProject
Project("{FAE04EC0-301F-11D3-BF4B-00C04F79EFBC}") = "DAL", "DAL\DAL.csproj", "{B203C407-D881-4EB3-BC95-A8C77477C76E}"
EndProject
Project("{FAE04EC0-301F-11D3-BF4B-00C04F79EFBC}") = "BLL", "BLL\BLL.csproj", "{5C05FEAA-351E-495A-8FB9-DABD3B0D5104}"
EndProject
Project("{2150E333-8FDC-42A3-9474-1A3956D46DE8}") = "01 - EntitiesMyStore", "01 - EntitiesMyStore", "{9F30A0F3-DAC9-42B0-928F-0DAE838246AE}"
EndProject
Project("{FAE04EC0-301F-11D3-BF4B-00C04F79EFBC}") = "EntitiesMyStore", "EntitiesMyStore\EntitiesMyStore.csproj", "{D5396586-F11E-4115-AD23-7640844833E0}"
EndProject
Project("{2150E333-8FDC-42A3-9474-1A3956D46DE8}") = "04 - Herramientas", "04 - Herramientas", "{6C285EAC-1232-46ED-BEBD-DE2981F948BB}"
EndProject
Project("{FAE04EC0-301F-11D3-BF4B-00C04F79EFBC}") = "HerramientasMyStore", "HerramientasMyStore\HerramientasMyStore.csproj", "{D858C558-F000-414B-8A14-9CF167A62774}"
EndProject
Global
	GlobalSection(SolutionConfigurationPlatforms) = preSolution
		Debug|Any CPU = Debug|Any CPU
		Release|Any CPU = Release|Any CPU
	EndGlobalSection
	GlobalSection(ProjectConfigurationPlatforms) = postSolution
		{323DD637-6D61-4DD4-BF7B-70837D363AAA}.Debug|Any CPU.ActiveCfg = Debug|Any CPU
		{323DD637-6D61-4DD4-BF7B-70837D363AAA}.Debug|Any CPU.Build.0 = Debug|Any CPU
		{323DD637-6D61-4DD4-BF7B-70837D363AAA}.Release|Any CPU.ActiveCfg = Release|Any CPU
		{323DD637-6D61-4DD4-BF7B-70837D363AAA}.Release|Any CPU.Build.0 = Release|Any CPU
		{87B6EC32-5A34-4AC9-9EEF-647133810949}.Debug|Any CPU.ActiveCfg = Debug|Any CPU
		{87B6EC32-5A34-4AC9-9EEF-647133810949}.Debug|Any CPU.Build.0 = Debug|Any CPU
		{87B6EC32-5A34-4AC9-9EEF-647133810949}.Release|Any CPU.ActiveCfg = Release|Any CPU
		{87B6EC32-5A34-4AC9-9EEF-647133810949}.Release|Any CPU.Build.0 = Release|Any CPU
		{B35265B3-12B0-40F9-90EF-19BB21BAC88B}.Debug|Any CPU.ActiveCfg = Debug|Any CPU
		{B35265B3-12B0-40F9-90EF-19BB21BAC88B}.Debug|Any CPU.Build.0 = Debug|Any CPU
		{B35265B3-12B0-40F9-90EF-19BB21BAC88B}.Release|Any CPU.ActiveCfg = Release|Any CPU
		{B35265B3-12B0-40F9-90EF-19BB21BAC88B}.Release|Any CPU.Build.0 = Release|Any CPU
		{B203C407-D881-4EB3-BC95-A8C77477C76E}.Debug|Any CPU.ActiveCfg = Debug|Any CPU
		{B203C407-D881-4EB3-BC95-A8C77477C76E}.Debug|Any CPU.Build.0 = Debug|Any CPU
		{B203C407-D881-4EB3-BC95-A8C77477C76E}.Release|Any CPU.ActiveCfg = Release|Any CPU
		{B203C407-D881-4EB3-BC95-A8C77477C76E}.Release|Any CPU.Build.0 = Release|Any CPU
		{5C05FEAA-351E-495A-8FB9-DABD3B0D5104}.Debug|Any CPU.ActiveCfg = Debug|Any CPU
		{5C05FEAA-351E-495A-8FB9-DABD3B0D5104}.Debug|Any CPU.Build.0 = Debug|Any CPU
		{5C05FEAA-351E-495A-8FB9-DABD3B0D5104}.Release|Any CPU.ActiveCfg = Release|Any CPU
		{5C05FEAA-351E-495A-8FB9-DABD3B0D5104}.Release|Any CPU.Build.0 = Release|Any CPU
		{D5396586-F11E-4115-AD23-7640844833E0}.Debug|Any CPU.ActiveCfg = Debug|Any CPU
		{D5396586-F11E-4115-AD23-7640844833E0}.Debug|Any CPU.Build.0 = Debug|Any CPU
		{D5396586-F11E-4115-AD23-7640844833E0}.Release|Any CPU.ActiveCfg = Release|Any CPU
		{D5396586-F11E-4115-AD23-7640844833E0}.Release|Any CPU.Build.0 = Release|Any CPU
		{D858C558-F000-414B-8A14-9CF167A62774}.Debug|Any CPU.ActiveCfg = Debug|Any CPU
		{D858C558-F000-414B-8A14-9CF167A62774}.Debug|Any CPU.Build.0 = Debug|Any CPU
		{D858C558-F000-414B-8A14-9CF167A62774}.Release|Any CPU.ActiveCfg = Release|Any CPU
		{D858C558-F000-414B-8A14-9CF167A62774}.Release|Any CPU.Build.0 = Release|Any CPU
	EndGlobalSection
	GlobalSection(SolutionProperties) = preSolution
		HideSolutionNode = FALSE
	EndGlobalSection
	GlobalSection(NestedProjects) = preSolution
		{323DD637-6D61-4DD4-BF7B-70837D363AAA} = {DE4E49CD-A2E1-4E22-95B5-DC7650F3E91F}
		{7BF39046-59CB-43A3-B8B5-873CD9D33A41} = {8B81D41E-7FF1-4FE7-A2FC-2A92AB533B32}
		{87B6EC32-5A34-4AC9-9EEF-647133810949} = {7BF39046-59CB-43A3-B8B5-873CD9D33A41}
		{B35265B3-12B0-40F9-90EF-19BB21BAC88B} = {7D568BAF-6A05-411B-AC0B-01714D0B36CB}
		{B371FF81-F38F-46D8-9E38-CC2C74D0CA3A} = {8B81D41E-7FF1-4FE7-A2FC-2A92AB533B32}
		{64062721-0EBF-4C4A-9CB5-F8CE81EF7999} = {8B81D41E-7FF1-4FE7-A2FC-2A92AB533B32}
		{B203C407-D881-4EB3-BC95-A8C77477C76E} = {64062721-0EBF-4C4A-9CB5-F8CE81EF7999}
		{5C05FEAA-351E-495A-8FB9-DABD3B0D5104} = {B371FF81-F38F-46D8-9E38-CC2C74D0CA3A}
		{9F30A0F3-DAC9-42B0-928F-0DAE838246AE} = {7D568BAF-6A05-411B-AC0B-01714D0B36CB}
		{D5396586-F11E-4115-AD23-7640844833E0} = {9F30A0F3-DAC9-42B0-928F-0DAE838246AE}
		{D858C558-F000-414B-8A14-9CF167A62774} = {6C285EAC-1232-46ED-BEBD-DE2981F948BB}
	EndGlobalSection
	GlobalSection(ExtensibilityGlobals) = postSolution
		SolutionGuid = {51E1F1A3-8D09-4FC7-A254-BEA1564696C3}
	EndGlobalSection
EndGlobal
